
Microsoft Visual Studio Solution File, Format Version 12.00
# Visual Studio Version 16
VisualStudioVersion = 16.0.28729.10
MinimumVisualStudioVersion = 10.0.40219.1
Project("{2150E333-8FDC-42A3-9474-1A3956D46DE8}") = "WindowLoader", "WindowLoader", "{7F27B863-7DE5-49AC-A621-1843DDE19791}"
EndProject
Project("{2150E333-8FDC-42A3-9474-1A3956D46DE8}") = "PluginLoader", "PluginLoader", "{9124D7F4-B787-4D37-A4D4-9C171F401700}"
EndProject
Project("{2150E333-8FDC-42A3-9474-1A3956D46DE8}") = "Solution Items", "Solution Items", "{00636C80-A9F1-48F6-8307-64864DA050EB}"
	ProjectSection(SolutionItems) = preProject
		README.md = README.md
	EndProjectSection
EndProject
Project("{FAE04EC0-301F-11D3-BF4B-00C04F79EFBC}") = "IcyWind", "IcyWind\IcyWind.csproj", "{FEE44841-7D10-4460-BB08-13CCF0069AE0}"
	ProjectSection(ProjectDependencies) = postProject
		{9206F7DA-7284-4E6C-A50C-30E81E91DEE8} = {9206F7DA-7284-4E6C-A50C-30E81E91DEE8}
	EndProjectSection
EndProject
Project("{FAE04EC0-301F-11D3-BF4B-00C04F79EFBC}") = "IcyWind.Core", "IcyWind.Core\IcyWind.Core.csproj", "{9206F7DA-7284-4E6C-A50C-30E81E91DEE8}"
EndProject
Project("{FAE04EC0-301F-11D3-BF4B-00C04F79EFBC}") = "IcyWind.Contract", "IcyWind.Contract\IcyWind.Contract.csproj", "{53DDDEBD-C384-4951-8BCC-63825B7F2DD3}"
EndProject
Project("{FAE04EC0-301F-11D3-BF4B-00C04F79EFBC}") = "IcyWind.AddInViews", "IcyWind.AddInViews\IcyWind.AddInViews.csproj", "{8DD48C3B-9358-4221-9F1A-1B95652D0682}"
EndProject
Project("{FAE04EC0-301F-11D3-BF4B-00C04F79EFBC}") = "IcyWind.AddInSideAdapter", "IcyWind.AddInSideAdapter\IcyWind.AddInSideAdapter.csproj", "{5E76AF6E-75FB-40F6-B953-08E1BDC0B28C}"
EndProject
Project("{FAE04EC0-301F-11D3-BF4B-00C04F79EFBC}") = "IcyWind.HostViews", "IcyWind.HostViews\IcyWind.HostViews.csproj", "{24C1CB65-8A15-4297-A7DE-177D3F8AE00D}"
EndProject
Project("{FAE04EC0-301F-11D3-BF4B-00C04F79EFBC}") = "IcyWind.HostSideAdapters", "IcyWind.HostSideAdapters\IcyWind.HostSideAdapters.csproj", "{D85DAC19-DBB7-43B2-8693-ECAC6FBCB5D4}"
EndProject
Project("{FAE04EC0-301F-11D3-BF4B-00C04F79EFBC}") = "IcyWind.Languages", "IcyWind.Languages\IcyWind.Languages.csproj", "{CE9E9D27-DF57-4505-837D-7F375BC89CB0}"
EndProject
Project("{FAE04EC0-301F-11D3-BF4B-00C04F79EFBC}") = "IcyWind.Plugin.AddInSideAdapter", "IcyWind.Plugin.AddInSideAdapter\IcyWind.Plugin.AddInSideAdapter.csproj", "{E722B035-DB87-4C0D-9B27-4B3C2E0B3213}"
EndProject
Project("{FAE04EC0-301F-11D3-BF4B-00C04F79EFBC}") = "IcyWind.Auth", "IcyWind.Auth\IcyWind.Auth.csproj", "{E4A396DC-C393-4C8E-9FB2-6B25560F689C}"
EndProject
Project("{FAE04EC0-301F-11D3-BF4B-00C04F79EFBC}") = "rtmpsharp", "rtmpsharp\rtmpsharp.csproj", "{7AD1DE3F-3F74-4BFD-AD3E-5CB78B397415}"
EndProject
Project("{FAE04EC0-301F-11D3-BF4B-00C04F79EFBC}") = "IcyWind.Chat", "IcyWind.Chat\IcyWind.Chat.csproj", "{004C15D4-EB51-4559-90BC-F6876396036A}"
EndProject
Project("{2150E333-8FDC-42A3-9474-1A3956D46DE8}") = "Chat", "Chat", "{C09F6051-1A58-42FF-AF74-5BFCBB3A702A}"
EndProject
Project("{2150E333-8FDC-42A3-9474-1A3956D46DE8}") = "Riot", "Riot", "{B9CD6D98-9C87-41B2-BCE9-90EED3554E93}"
EndProject
Project("{2150E333-8FDC-42A3-9474-1A3956D46DE8}") = "Client", "Client", "{5B680E9B-586E-46D8-83AF-FBE8B1F253CC}"
EndProject
Global
	GlobalSection(SolutionConfigurationPlatforms) = preSolution
		Debug|Any CPU = Debug|Any CPU
		Debug|x64 = Debug|x64
		Debug|x86 = Debug|x86
		DebugRel|Any CPU = DebugRel|Any CPU
		DebugRel|x64 = DebugRel|x64
		DebugRel|x86 = DebugRel|x86
		Release|Any CPU = Release|Any CPU
		Release|x64 = Release|x64
		Release|x86 = Release|x86
	EndGlobalSection
	GlobalSection(ProjectConfigurationPlatforms) = postSolution
		{FEE44841-7D10-4460-BB08-13CCF0069AE0}.Debug|Any CPU.ActiveCfg = Debug|Any CPU
		{FEE44841-7D10-4460-BB08-13CCF0069AE0}.Debug|Any CPU.Build.0 = Debug|Any CPU
		{FEE44841-7D10-4460-BB08-13CCF0069AE0}.Debug|x64.ActiveCfg = Debug|Any CPU
		{FEE44841-7D10-4460-BB08-13CCF0069AE0}.Debug|x64.Build.0 = Debug|Any CPU
		{FEE44841-7D10-4460-BB08-13CCF0069AE0}.Debug|x86.ActiveCfg = Debug|Any CPU
		{FEE44841-7D10-4460-BB08-13CCF0069AE0}.Debug|x86.Build.0 = Debug|Any CPU
		{FEE44841-7D10-4460-BB08-13CCF0069AE0}.DebugRel|Any CPU.ActiveCfg = DebugRel|Any CPU
		{FEE44841-7D10-4460-BB08-13CCF0069AE0}.DebugRel|Any CPU.Build.0 = DebugRel|Any CPU
		{FEE44841-7D10-4460-BB08-13CCF0069AE0}.DebugRel|x64.ActiveCfg = DebugRel|Any CPU
		{FEE44841-7D10-4460-BB08-13CCF0069AE0}.DebugRel|x64.Build.0 = DebugRel|Any CPU
		{FEE44841-7D10-4460-BB08-13CCF0069AE0}.DebugRel|x86.ActiveCfg = DebugRel|Any CPU
		{FEE44841-7D10-4460-BB08-13CCF0069AE0}.DebugRel|x86.Build.0 = DebugRel|Any CPU
		{FEE44841-7D10-4460-BB08-13CCF0069AE0}.Release|Any CPU.ActiveCfg = Release|Any CPU
		{FEE44841-7D10-4460-BB08-13CCF0069AE0}.Release|Any CPU.Build.0 = Release|Any CPU
		{FEE44841-7D10-4460-BB08-13CCF0069AE0}.Release|x64.ActiveCfg = Release|Any CPU
		{FEE44841-7D10-4460-BB08-13CCF0069AE0}.Release|x64.Build.0 = Release|Any CPU
		{FEE44841-7D10-4460-BB08-13CCF0069AE0}.Release|x86.ActiveCfg = Release|Any CPU
		{FEE44841-7D10-4460-BB08-13CCF0069AE0}.Release|x86.Build.0 = Release|Any CPU
		{9206F7DA-7284-4E6C-A50C-30E81E91DEE8}.Debug|Any CPU.ActiveCfg = Debug|Any CPU
		{9206F7DA-7284-4E6C-A50C-30E81E91DEE8}.Debug|Any CPU.Build.0 = Debug|Any CPU
		{9206F7DA-7284-4E6C-A50C-30E81E91DEE8}.Debug|x64.ActiveCfg = Debug|Any CPU
		{9206F7DA-7284-4E6C-A50C-30E81E91DEE8}.Debug|x64.Build.0 = Debug|Any CPU
		{9206F7DA-7284-4E6C-A50C-30E81E91DEE8}.Debug|x86.ActiveCfg = Debug|Any CPU
		{9206F7DA-7284-4E6C-A50C-30E81E91DEE8}.Debug|x86.Build.0 = Debug|Any CPU
		{9206F7DA-7284-4E6C-A50C-30E81E91DEE8}.DebugRel|Any CPU.ActiveCfg = DebugRel|Any CPU
		{9206F7DA-7284-4E6C-A50C-30E81E91DEE8}.DebugRel|Any CPU.Build.0 = DebugRel|Any CPU
		{9206F7DA-7284-4E6C-A50C-30E81E91DEE8}.DebugRel|x64.ActiveCfg = DebugRel|Any CPU
		{9206F7DA-7284-4E6C-A50C-30E81E91DEE8}.DebugRel|x64.Build.0 = DebugRel|Any CPU
		{9206F7DA-7284-4E6C-A50C-30E81E91DEE8}.DebugRel|x86.ActiveCfg = DebugRel|Any CPU
		{9206F7DA-7284-4E6C-A50C-30E81E91DEE8}.DebugRel|x86.Build.0 = DebugRel|Any CPU
		{9206F7DA-7284-4E6C-A50C-30E81E91DEE8}.Release|Any CPU.ActiveCfg = Release|Any CPU
		{9206F7DA-7284-4E6C-A50C-30E81E91DEE8}.Release|Any CPU.Build.0 = Release|Any CPU
		{9206F7DA-7284-4E6C-A50C-30E81E91DEE8}.Release|x64.ActiveCfg = Release|Any CPU
		{9206F7DA-7284-4E6C-A50C-30E81E91DEE8}.Release|x64.Build.0 = Release|Any CPU
		{9206F7DA-7284-4E6C-A50C-30E81E91DEE8}.Release|x86.ActiveCfg = Release|Any CPU
		{9206F7DA-7284-4E6C-A50C-30E81E91DEE8}.Release|x86.Build.0 = Release|Any CPU
		{53DDDEBD-C384-4951-8BCC-63825B7F2DD3}.Debug|Any CPU.ActiveCfg = Debug|Any CPU
		{53DDDEBD-C384-4951-8BCC-63825B7F2DD3}.Debug|Any CPU.Build.0 = Debug|Any CPU
		{53DDDEBD-C384-4951-8BCC-63825B7F2DD3}.Debug|x64.ActiveCfg = Debug|Any CPU
		{53DDDEBD-C384-4951-8BCC-63825B7F2DD3}.Debug|x64.Build.0 = Debug|Any CPU
		{53DDDEBD-C384-4951-8BCC-63825B7F2DD3}.Debug|x86.ActiveCfg = Debug|Any CPU
		{53DDDEBD-C384-4951-8BCC-63825B7F2DD3}.Debug|x86.Build.0 = Debug|Any CPU
		{53DDDEBD-C384-4951-8BCC-63825B7F2DD3}.DebugRel|Any CPU.ActiveCfg = DebugRel|Any CPU
		{53DDDEBD-C384-4951-8BCC-63825B7F2DD3}.DebugRel|Any CPU.Build.0 = DebugRel|Any CPU
		{53DDDEBD-C384-4951-8BCC-63825B7F2DD3}.DebugRel|x64.ActiveCfg = DebugRel|Any CPU
		{53DDDEBD-C384-4951-8BCC-63825B7F2DD3}.DebugRel|x64.Build.0 = DebugRel|Any CPU
		{53DDDEBD-C384-4951-8BCC-63825B7F2DD3}.DebugRel|x86.ActiveCfg = DebugRel|Any CPU
		{53DDDEBD-C384-4951-8BCC-63825B7F2DD3}.DebugRel|x86.Build.0 = DebugRel|Any CPU
		{53DDDEBD-C384-4951-8BCC-63825B7F2DD3}.Release|Any CPU.ActiveCfg = Release|Any CPU
		{53DDDEBD-C384-4951-8BCC-63825B7F2DD3}.Release|Any CPU.Build.0 = Release|Any CPU
		{53DDDEBD-C384-4951-8BCC-63825B7F2DD3}.Release|x64.ActiveCfg = Release|Any CPU
		{53DDDEBD-C384-4951-8BCC-63825B7F2DD3}.Release|x64.Build.0 = Release|Any CPU
		{53DDDEBD-C384-4951-8BCC-63825B7F2DD3}.Release|x86.ActiveCfg = Release|Any CPU
		{53DDDEBD-C384-4951-8BCC-63825B7F2DD3}.Release|x86.Build.0 = Release|Any CPU
		{8DD48C3B-9358-4221-9F1A-1B95652D0682}.Debug|Any CPU.ActiveCfg = Debug|Any CPU
		{8DD48C3B-9358-4221-9F1A-1B95652D0682}.Debug|Any CPU.Build.0 = Debug|Any CPU
		{8DD48C3B-9358-4221-9F1A-1B95652D0682}.Debug|x64.ActiveCfg = Debug|Any CPU
		{8DD48C3B-9358-4221-9F1A-1B95652D0682}.Debug|x64.Build.0 = Debug|Any CPU
		{8DD48C3B-9358-4221-9F1A-1B95652D0682}.Debug|x86.ActiveCfg = Debug|Any CPU
		{8DD48C3B-9358-4221-9F1A-1B95652D0682}.Debug|x86.Build.0 = Debug|Any CPU
		{8DD48C3B-9358-4221-9F1A-1B95652D0682}.DebugRel|Any CPU.ActiveCfg = DebugRel|Any CPU
		{8DD48C3B-9358-4221-9F1A-1B95652D0682}.DebugRel|Any CPU.Build.0 = DebugRel|Any CPU
		{8DD48C3B-9358-4221-9F1A-1B95652D0682}.DebugRel|x64.ActiveCfg = DebugRel|Any CPU
		{8DD48C3B-9358-4221-9F1A-1B95652D0682}.DebugRel|x64.Build.0 = DebugRel|Any CPU
		{8DD48C3B-9358-4221-9F1A-1B95652D0682}.DebugRel|x86.ActiveCfg = DebugRel|Any CPU
		{8DD48C3B-9358-4221-9F1A-1B95652D0682}.DebugRel|x86.Build.0 = DebugRel|Any CPU
		{8DD48C3B-9358-4221-9F1A-1B95652D0682}.Release|Any CPU.ActiveCfg = Release|Any CPU
		{8DD48C3B-9358-4221-9F1A-1B95652D0682}.Release|Any CPU.Build.0 = Release|Any CPU
		{8DD48C3B-9358-4221-9F1A-1B95652D0682}.Release|x64.ActiveCfg = Release|Any CPU
		{8DD48C3B-9358-4221-9F1A-1B95652D0682}.Release|x64.Build.0 = Release|Any CPU
		{8DD48C3B-9358-4221-9F1A-1B95652D0682}.Release|x86.ActiveCfg = Release|Any CPU
		{8DD48C3B-9358-4221-9F1A-1B95652D0682}.Release|x86.Build.0 = Release|Any CPU
		{5E76AF6E-75FB-40F6-B953-08E1BDC0B28C}.Debug|Any CPU.ActiveCfg = Debug|Any CPU
		{5E76AF6E-75FB-40F6-B953-08E1BDC0B28C}.Debug|Any CPU.Build.0 = Debug|Any CPU
		{5E76AF6E-75FB-40F6-B953-08E1BDC0B28C}.Debug|x64.ActiveCfg = Debug|Any CPU
		{5E76AF6E-75FB-40F6-B953-08E1BDC0B28C}.Debug|x64.Build.0 = Debug|Any CPU
		{5E76AF6E-75FB-40F6-B953-08E1BDC0B28C}.Debug|x86.ActiveCfg = Debug|Any CPU
		{5E76AF6E-75FB-40F6-B953-08E1BDC0B28C}.Debug|x86.Build.0 = Debug|Any CPU
		{5E76AF6E-75FB-40F6-B953-08E1BDC0B28C}.DebugRel|Any CPU.ActiveCfg = DebugRel|Any CPU
		{5E76AF6E-75FB-40F6-B953-08E1BDC0B28C}.DebugRel|Any CPU.Build.0 = DebugRel|Any CPU
		{5E76AF6E-75FB-40F6-B953-08E1BDC0B28C}.DebugRel|x64.ActiveCfg = DebugRel|Any CPU
		{5E76AF6E-75FB-40F6-B953-08E1BDC0B28C}.DebugRel|x64.Build.0 = DebugRel|Any CPU
		{5E76AF6E-75FB-40F6-B953-08E1BDC0B28C}.DebugRel|x86.ActiveCfg = DebugRel|Any CPU
		{5E76AF6E-75FB-40F6-B953-08E1BDC0B28C}.DebugRel|x86.Build.0 = DebugRel|Any CPU
		{5E76AF6E-75FB-40F6-B953-08E1BDC0B28C}.Release|Any CPU.ActiveCfg = Release|Any CPU
		{5E76AF6E-75FB-40F6-B953-08E1BDC0B28C}.Release|Any CPU.Build.0 = Release|Any CPU
		{5E76AF6E-75FB-40F6-B953-08E1BDC0B28C}.Release|x64.ActiveCfg = Release|Any CPU
		{5E76AF6E-75FB-40F6-B953-08E1BDC0B28C}.Release|x64.Build.0 = Release|Any CPU
		{5E76AF6E-75FB-40F6-B953-08E1BDC0B28C}.Release|x86.ActiveCfg = Release|Any CPU
		{5E76AF6E-75FB-40F6-B953-08E1BDC0B28C}.Release|x86.Build.0 = Release|Any CPU
		{24C1CB65-8A15-4297-A7DE-177D3F8AE00D}.Debug|Any CPU.ActiveCfg = Debug|Any CPU
		{24C1CB65-8A15-4297-A7DE-177D3F8AE00D}.Debug|Any CPU.Build.0 = Debug|Any CPU
		{24C1CB65-8A15-4297-A7DE-177D3F8AE00D}.Debug|x64.ActiveCfg = Debug|Any CPU
		{24C1CB65-8A15-4297-A7DE-177D3F8AE00D}.Debug|x64.Build.0 = Debug|Any CPU
		{24C1CB65-8A15-4297-A7DE-177D3F8AE00D}.Debug|x86.ActiveCfg = Debug|Any CPU
		{24C1CB65-8A15-4297-A7DE-177D3F8AE00D}.Debug|x86.Build.0 = Debug|Any CPU
		{24C1CB65-8A15-4297-A7DE-177D3F8AE00D}.DebugRel|Any CPU.ActiveCfg = DebugRel|Any CPU
		{24C1CB65-8A15-4297-A7DE-177D3F8AE00D}.DebugRel|Any CPU.Build.0 = DebugRel|Any CPU
		{24C1CB65-8A15-4297-A7DE-177D3F8AE00D}.DebugRel|x64.ActiveCfg = DebugRel|Any CPU
		{24C1CB65-8A15-4297-A7DE-177D3F8AE00D}.DebugRel|x64.Build.0 = DebugRel|Any CPU
		{24C1CB65-8A15-4297-A7DE-177D3F8AE00D}.DebugRel|x86.ActiveCfg = DebugRel|Any CPU
		{24C1CB65-8A15-4297-A7DE-177D3F8AE00D}.DebugRel|x86.Build.0 = DebugRel|Any CPU
		{24C1CB65-8A15-4297-A7DE-177D3F8AE00D}.Release|Any CPU.ActiveCfg = Release|Any CPU
		{24C1CB65-8A15-4297-A7DE-177D3F8AE00D}.Release|Any CPU.Build.0 = Release|Any CPU
		{24C1CB65-8A15-4297-A7DE-177D3F8AE00D}.Release|x64.ActiveCfg = Release|Any CPU
		{24C1CB65-8A15-4297-A7DE-177D3F8AE00D}.Release|x64.Build.0 = Release|Any CPU
		{24C1CB65-8A15-4297-A7DE-177D3F8AE00D}.Release|x86.ActiveCfg = Release|Any CPU
		{24C1CB65-8A15-4297-A7DE-177D3F8AE00D}.Release|x86.Build.0 = Release|Any CPU
		{D85DAC19-DBB7-43B2-8693-ECAC6FBCB5D4}.Debug|Any CPU.ActiveCfg = Debug|Any CPU
		{D85DAC19-DBB7-43B2-8693-ECAC6FBCB5D4}.Debug|Any CPU.Build.0 = Debug|Any CPU
		{D85DAC19-DBB7-43B2-8693-ECAC6FBCB5D4}.Debug|x64.ActiveCfg = Debug|Any CPU
		{D85DAC19-DBB7-43B2-8693-ECAC6FBCB5D4}.Debug|x64.Build.0 = Debug|Any CPU
		{D85DAC19-DBB7-43B2-8693-ECAC6FBCB5D4}.Debug|x86.ActiveCfg = Debug|Any CPU
		{D85DAC19-DBB7-43B2-8693-ECAC6FBCB5D4}.Debug|x86.Build.0 = Debug|Any CPU
		{D85DAC19-DBB7-43B2-8693-ECAC6FBCB5D4}.DebugRel|Any CPU.ActiveCfg = DebugRel|Any CPU
		{D85DAC19-DBB7-43B2-8693-ECAC6FBCB5D4}.DebugRel|Any CPU.Build.0 = DebugRel|Any CPU
		{D85DAC19-DBB7-43B2-8693-ECAC6FBCB5D4}.DebugRel|x64.ActiveCfg = DebugRel|Any CPU
		{D85DAC19-DBB7-43B2-8693-ECAC6FBCB5D4}.DebugRel|x64.Build.0 = DebugRel|Any CPU
		{D85DAC19-DBB7-43B2-8693-ECAC6FBCB5D4}.DebugRel|x86.ActiveCfg = DebugRel|Any CPU
		{D85DAC19-DBB7-43B2-8693-ECAC6FBCB5D4}.DebugRel|x86.Build.0 = DebugRel|Any CPU
		{D85DAC19-DBB7-43B2-8693-ECAC6FBCB5D4}.Release|Any CPU.ActiveCfg = Release|Any CPU
		{D85DAC19-DBB7-43B2-8693-ECAC6FBCB5D4}.Release|Any CPU.Build.0 = Release|Any CPU
		{D85DAC19-DBB7-43B2-8693-ECAC6FBCB5D4}.Release|x64.ActiveCfg = Release|Any CPU
		{D85DAC19-DBB7-43B2-8693-ECAC6FBCB5D4}.Release|x64.Build.0 = Release|Any CPU
		{D85DAC19-DBB7-43B2-8693-ECAC6FBCB5D4}.Release|x86.ActiveCfg = Release|Any CPU
		{D85DAC19-DBB7-43B2-8693-ECAC6FBCB5D4}.Release|x86.Build.0 = Release|Any CPU
		{CE9E9D27-DF57-4505-837D-7F375BC89CB0}.Debug|Any CPU.ActiveCfg = Debug|Any CPU
		{CE9E9D27-DF57-4505-837D-7F375BC89CB0}.Debug|Any CPU.Build.0 = Debug|Any CPU
		{CE9E9D27-DF57-4505-837D-7F375BC89CB0}.Debug|x64.ActiveCfg = Debug|Any CPU
		{CE9E9D27-DF57-4505-837D-7F375BC89CB0}.Debug|x64.Build.0 = Debug|Any CPU
		{CE9E9D27-DF57-4505-837D-7F375BC89CB0}.Debug|x86.ActiveCfg = Debug|Any CPU
		{CE9E9D27-DF57-4505-837D-7F375BC89CB0}.Debug|x86.Build.0 = Debug|Any CPU
		{CE9E9D27-DF57-4505-837D-7F375BC89CB0}.DebugRel|Any CPU.ActiveCfg = DebugRel|Any CPU
		{CE9E9D27-DF57-4505-837D-7F375BC89CB0}.DebugRel|Any CPU.Build.0 = DebugRel|Any CPU
		{CE9E9D27-DF57-4505-837D-7F375BC89CB0}.DebugRel|x64.ActiveCfg = DebugRel|Any CPU
		{CE9E9D27-DF57-4505-837D-7F375BC89CB0}.DebugRel|x64.Build.0 = DebugRel|Any CPU
		{CE9E9D27-DF57-4505-837D-7F375BC89CB0}.DebugRel|x86.ActiveCfg = DebugRel|Any CPU
		{CE9E9D27-DF57-4505-837D-7F375BC89CB0}.DebugRel|x86.Build.0 = DebugRel|Any CPU
		{CE9E9D27-DF57-4505-837D-7F375BC89CB0}.Release|Any CPU.ActiveCfg = Release|Any CPU
		{CE9E9D27-DF57-4505-837D-7F375BC89CB0}.Release|Any CPU.Build.0 = Release|Any CPU
		{CE9E9D27-DF57-4505-837D-7F375BC89CB0}.Release|x64.ActiveCfg = Release|Any CPU
		{CE9E9D27-DF57-4505-837D-7F375BC89CB0}.Release|x64.Build.0 = Release|Any CPU
		{CE9E9D27-DF57-4505-837D-7F375BC89CB0}.Release|x86.ActiveCfg = Release|Any CPU
		{CE9E9D27-DF57-4505-837D-7F375BC89CB0}.Release|x86.Build.0 = Release|Any CPU
		{E722B035-DB87-4C0D-9B27-4B3C2E0B3213}.Debug|Any CPU.ActiveCfg = Debug|Any CPU
		{E722B035-DB87-4C0D-9B27-4B3C2E0B3213}.Debug|Any CPU.Build.0 = Debug|Any CPU
		{E722B035-DB87-4C0D-9B27-4B3C2E0B3213}.Debug|x64.ActiveCfg = Debug|Any CPU
		{E722B035-DB87-4C0D-9B27-4B3C2E0B3213}.Debug|x64.Build.0 = Debug|Any CPU
		{E722B035-DB87-4C0D-9B27-4B3C2E0B3213}.Debug|x86.ActiveCfg = Debug|Any CPU
		{E722B035-DB87-4C0D-9B27-4B3C2E0B3213}.Debug|x86.Build.0 = Debug|Any CPU
		{E722B035-DB87-4C0D-9B27-4B3C2E0B3213}.DebugRel|Any CPU.ActiveCfg = DebugRel|Any CPU
		{E722B035-DB87-4C0D-9B27-4B3C2E0B3213}.DebugRel|Any CPU.Build.0 = DebugRel|Any CPU
		{E722B035-DB87-4C0D-9B27-4B3C2E0B3213}.DebugRel|x64.ActiveCfg = DebugRel|Any CPU
		{E722B035-DB87-4C0D-9B27-4B3C2E0B3213}.DebugRel|x64.Build.0 = DebugRel|Any CPU
		{E722B035-DB87-4C0D-9B27-4B3C2E0B3213}.DebugRel|x86.ActiveCfg = DebugRel|Any CPU
		{E722B035-DB87-4C0D-9B27-4B3C2E0B3213}.DebugRel|x86.Build.0 = DebugRel|Any CPU
		{E722B035-DB87-4C0D-9B27-4B3C2E0B3213}.Release|Any CPU.ActiveCfg = Release|Any CPU
		{E722B035-DB87-4C0D-9B27-4B3C2E0B3213}.Release|Any CPU.Build.0 = Release|Any CPU
		{E722B035-DB87-4C0D-9B27-4B3C2E0B3213}.Release|x64.ActiveCfg = Release|Any CPU
		{E722B035-DB87-4C0D-9B27-4B3C2E0B3213}.Release|x64.Build.0 = Release|Any CPU
		{E722B035-DB87-4C0D-9B27-4B3C2E0B3213}.Release|x86.ActiveCfg = Release|Any CPU
		{E722B035-DB87-4C0D-9B27-4B3C2E0B3213}.Release|x86.Build.0 = Release|Any CPU
		{E4A396DC-C393-4C8E-9FB2-6B25560F689C}.Debug|Any CPU.ActiveCfg = Debug|Any CPU
		{E4A396DC-C393-4C8E-9FB2-6B25560F689C}.Debug|Any CPU.Build.0 = Debug|Any CPU
		{E4A396DC-C393-4C8E-9FB2-6B25560F689C}.Debug|x64.ActiveCfg = Debug|Any CPU
		{E4A396DC-C393-4C8E-9FB2-6B25560F689C}.Debug|x64.Build.0 = Debug|Any CPU
		{E4A396DC-C393-4C8E-9FB2-6B25560F689C}.Debug|x86.ActiveCfg = Debug|Any CPU
		{E4A396DC-C393-4C8E-9FB2-6B25560F689C}.Debug|x86.Build.0 = Debug|Any CPU
		{E4A396DC-C393-4C8E-9FB2-6B25560F689C}.DebugRel|Any CPU.ActiveCfg = DebugRel|Any CPU
		{E4A396DC-C393-4C8E-9FB2-6B25560F689C}.DebugRel|Any CPU.Build.0 = DebugRel|Any CPU
		{E4A396DC-C393-4C8E-9FB2-6B25560F689C}.DebugRel|x64.ActiveCfg = DebugRel|Any CPU
		{E4A396DC-C393-4C8E-9FB2-6B25560F689C}.DebugRel|x64.Build.0 = DebugRel|Any CPU
		{E4A396DC-C393-4C8E-9FB2-6B25560F689C}.DebugRel|x86.ActiveCfg = DebugRel|Any CPU
		{E4A396DC-C393-4C8E-9FB2-6B25560F689C}.DebugRel|x86.Build.0 = DebugRel|Any CPU
		{E4A396DC-C393-4C8E-9FB2-6B25560F689C}.Release|Any CPU.ActiveCfg = Release|Any CPU
		{E4A396DC-C393-4C8E-9FB2-6B25560F689C}.Release|Any CPU.Build.0 = Release|Any CPU
		{E4A396DC-C393-4C8E-9FB2-6B25560F689C}.Release|x64.ActiveCfg = Release|Any CPU
		{E4A396DC-C393-4C8E-9FB2-6B25560F689C}.Release|x64.Build.0 = Release|Any CPU
		{E4A396DC-C393-4C8E-9FB2-6B25560F689C}.Release|x86.ActiveCfg = Release|Any CPU
		{E4A396DC-C393-4C8E-9FB2-6B25560F689C}.Release|x86.Build.0 = Release|Any CPU
		{7AD1DE3F-3F74-4BFD-AD3E-5CB78B397415}.Debug|Any CPU.ActiveCfg = Debug|Any CPU
		{7AD1DE3F-3F74-4BFD-AD3E-5CB78B397415}.Debug|Any CPU.Build.0 = Debug|Any CPU
		{7AD1DE3F-3F74-4BFD-AD3E-5CB78B397415}.Debug|x64.ActiveCfg = Debug|Any CPU
		{7AD1DE3F-3F74-4BFD-AD3E-5CB78B397415}.Debug|x64.Build.0 = Debug|Any CPU
		{7AD1DE3F-3F74-4BFD-AD3E-5CB78B397415}.Debug|x86.ActiveCfg = Debug|Any CPU
		{7AD1DE3F-3F74-4BFD-AD3E-5CB78B397415}.Debug|x86.Build.0 = Debug|Any CPU
		{7AD1DE3F-3F74-4BFD-AD3E-5CB78B397415}.DebugRel|Any CPU.ActiveCfg = DebugRel|Any CPU
		{7AD1DE3F-3F74-4BFD-AD3E-5CB78B397415}.DebugRel|Any CPU.Build.0 = DebugRel|Any CPU
		{7AD1DE3F-3F74-4BFD-AD3E-5CB78B397415}.DebugRel|x64.ActiveCfg = DebugRel|Any CPU
		{7AD1DE3F-3F74-4BFD-AD3E-5CB78B397415}.DebugRel|x64.Build.0 = DebugRel|Any CPU
		{7AD1DE3F-3F74-4BFD-AD3E-5CB78B397415}.DebugRel|x86.ActiveCfg = DebugRel|Any CPU
		{7AD1DE3F-3F74-4BFD-AD3E-5CB78B397415}.DebugRel|x86.Build.0 = DebugRel|Any CPU
		{7AD1DE3F-3F74-4BFD-AD3E-5CB78B397415}.Release|Any CPU.ActiveCfg = Release|Any CPU
		{7AD1DE3F-3F74-4BFD-AD3E-5CB78B397415}.Release|Any CPU.Build.0 = Release|Any CPU
		{7AD1DE3F-3F74-4BFD-AD3E-5CB78B397415}.Release|x64.ActiveCfg = Release|Any CPU
		{7AD1DE3F-3F74-4BFD-AD3E-5CB78B397415}.Release|x64.Build.0 = Release|Any CPU
		{7AD1DE3F-3F74-4BFD-AD3E-5CB78B397415}.Release|x86.ActiveCfg = Release|Any CPU
		{7AD1DE3F-3F74-4BFD-AD3E-5CB78B397415}.Release|x86.Build.0 = Release|Any CPU
		{004C15D4-EB51-4559-90BC-F6876396036A}.Debug|Any CPU.ActiveCfg = Debug|Any CPU
		{004C15D4-EB51-4559-90BC-F6876396036A}.Debug|Any CPU.Build.0 = Debug|Any CPU
		{004C15D4-EB51-4559-90BC-F6876396036A}.Debug|x64.ActiveCfg = Debug|Any CPU
		{004C15D4-EB51-4559-90BC-F6876396036A}.Debug|x64.Build.0 = Debug|Any CPU
		{004C15D4-EB51-4559-90BC-F6876396036A}.Debug|x86.ActiveCfg = Debug|Any CPU
		{004C15D4-EB51-4559-90BC-F6876396036A}.Debug|x86.Build.0 = Debug|Any CPU
		{004C15D4-EB51-4559-90BC-F6876396036A}.DebugRel|Any CPU.ActiveCfg = DebugRel|Any CPU
		{004C15D4-EB51-4559-90BC-F6876396036A}.DebugRel|Any CPU.Build.0 = DebugRel|Any CPU
		{004C15D4-EB51-4559-90BC-F6876396036A}.DebugRel|x64.ActiveCfg = DebugRel|Any CPU
		{004C15D4-EB51-4559-90BC-F6876396036A}.DebugRel|x64.Build.0 = DebugRel|Any CPU
		{004C15D4-EB51-4559-90BC-F6876396036A}.DebugRel|x86.ActiveCfg = DebugRel|Any CPU
		{004C15D4-EB51-4559-90BC-F6876396036A}.DebugRel|x86.Build.0 = DebugRel|Any CPU
		{004C15D4-EB51-4559-90BC-F6876396036A}.Release|Any CPU.ActiveCfg = Release|Any CPU
		{004C15D4-EB51-4559-90BC-F6876396036A}.Release|Any CPU.Build.0 = Release|Any CPU
		{004C15D4-EB51-4559-90BC-F6876396036A}.Release|x64.ActiveCfg = Release|Any CPU
		{004C15D4-EB51-4559-90BC-F6876396036A}.Release|x64.Build.0 = Release|Any CPU
		{004C15D4-EB51-4559-90BC-F6876396036A}.Release|x86.ActiveCfg = Release|Any CPU
		{004C15D4-EB51-4559-90BC-F6876396036A}.Release|x86.Build.0 = Release|Any CPU
	EndGlobalSection
	GlobalSection(SolutionProperties) = preSolution
		HideSolutionNode = FALSE
	EndGlobalSection
	GlobalSection(NestedProjects) = preSolution
		{7F27B863-7DE5-49AC-A621-1843DDE19791} = {5B680E9B-586E-46D8-83AF-FBE8B1F253CC}
		{9124D7F4-B787-4D37-A4D4-9C171F401700} = {5B680E9B-586E-46D8-83AF-FBE8B1F253CC}
		{FEE44841-7D10-4460-BB08-13CCF0069AE0} = {5B680E9B-586E-46D8-83AF-FBE8B1F253CC}
		{9206F7DA-7284-4E6C-A50C-30E81E91DEE8} = {5B680E9B-586E-46D8-83AF-FBE8B1F253CC}
		{53DDDEBD-C384-4951-8BCC-63825B7F2DD3} = {7F27B863-7DE5-49AC-A621-1843DDE19791}
		{8DD48C3B-9358-4221-9F1A-1B95652D0682} = {7F27B863-7DE5-49AC-A621-1843DDE19791}
		{5E76AF6E-75FB-40F6-B953-08E1BDC0B28C} = {7F27B863-7DE5-49AC-A621-1843DDE19791}
		{24C1CB65-8A15-4297-A7DE-177D3F8AE00D} = {7F27B863-7DE5-49AC-A621-1843DDE19791}
		{D85DAC19-DBB7-43B2-8693-ECAC6FBCB5D4} = {7F27B863-7DE5-49AC-A621-1843DDE19791}
		{CE9E9D27-DF57-4505-837D-7F375BC89CB0} = {5B680E9B-586E-46D8-83AF-FBE8B1F253CC}
		{E722B035-DB87-4C0D-9B27-4B3C2E0B3213} = {9124D7F4-B787-4D37-A4D4-9C171F401700}
		{E4A396DC-C393-4C8E-9FB2-6B25560F689C} = {5B680E9B-586E-46D8-83AF-FBE8B1F253CC}
		{7AD1DE3F-3F74-4BFD-AD3E-5CB78B397415} = {B9CD6D98-9C87-41B2-BCE9-90EED3554E93}
		{004C15D4-EB51-4559-90BC-F6876396036A} = {C09F6051-1A58-42FF-AF74-5BFCBB3A702A}
		{C09F6051-1A58-42FF-AF74-5BFCBB3A702A} = {5B680E9B-586E-46D8-83AF-FBE8B1F253CC}
		{B9CD6D98-9C87-41B2-BCE9-90EED3554E93} = {5B680E9B-586E-46D8-83AF-FBE8B1F253CC}
	EndGlobalSection
	GlobalSection(ExtensibilityGlobals) = postSolution
		SolutionGuid = {2CCF0C5A-3F18-497A-A133-73616D643B07}
	EndGlobalSection
EndGlobal
